
Microsoft Visual Studio Solution File, Format Version 12.00
# Visual Studio Version 16
VisualStudioVersion = 16.0.31515.178
MinimumVisualStudioVersion = 10.0.40219.1
Project("{2150E333-8FDC-42A3-9474-1A3956D46DE8}") = "Services", "Services", "{4BBBCB02-C890-4E71-95D8-23E19225360F}"
EndProject
Project("{2150E333-8FDC-42A3-9474-1A3956D46DE8}") = "Catalog", "Catalog", "{AA8F3A2E-8AB6-4424-8F68-57347B1E04E6}"
EndProject
Project("{9A19103F-16F7-4668-BE54-9A1E7A4F7556}") = "Catalog.API", "Services\Catalog\Catalog.API\Catalog.API.csproj", "{C639F470-540E-4EE9-9528-D873BAD09DB5}"
EndProject
Project("{E53339B2-1760-4266-BCC7-CA923CBCF16C}") = "docker-compose", "docker-compose.dcproj", "{BB6D2CDD-489C-4093-924F-8E391DDD37EF}"
EndProject
Project("{2150E333-8FDC-42A3-9474-1A3956D46DE8}") = "Basket", "Basket", "{DEC4AE11-ABBB-4D90-AC93-E57B8FEDD7C8}"
EndProject
Project("{9A19103F-16F7-4668-BE54-9A1E7A4F7556}") = "Basket.API", "Services\Basket\Basket.API\Basket.API.csproj", "{81F2713D-1C05-49A2-BF89-2201FEB2D2A2}"
EndProject
Project("{2150E333-8FDC-42A3-9474-1A3956D46DE8}") = "Discount", "Discount", "{1A4336A0-121C-4176-B07F-219918CBBAE7}"
EndProject
Project("{9A19103F-16F7-4668-BE54-9A1E7A4F7556}") = "Discount.API", "Services\Discount\Discount.API\Discount.API.csproj", "{EF2BE126-324B-406C-9578-9D42B3E12EB2}"
EndProject
Project("{9A19103F-16F7-4668-BE54-9A1E7A4F7556}") = "Discount.grpc", "Services\Discount\Discount.grpc\Discount.grpc.csproj", "{7C22126E-7DC9-4C0C-A56F-ACC270027652}"
EndProject
Project("{2150E333-8FDC-42A3-9474-1A3956D46DE8}") = "Ordering", "Ordering", "{D0B97A19-77E6-4661-A31F-1D752C4F76A5}"
EndProject
Project("{FAE04EC0-301F-11D3-BF4B-00C04F79EFBC}") = "Ordering.API", "Services\Ordering\Ordering.API\Ordering.API.csproj", "{119D0B21-A59E-440C-B494-44925FE423B8}"
EndProject
Global
	GlobalSection(SolutionConfigurationPlatforms) = preSolution
		Debug|Any CPU = Debug|Any CPU
		Release|Any CPU = Release|Any CPU
	EndGlobalSection
	GlobalSection(ProjectConfigurationPlatforms) = postSolution
		{C639F470-540E-4EE9-9528-D873BAD09DB5}.Debug|Any CPU.ActiveCfg = Debug|Any CPU
		{C639F470-540E-4EE9-9528-D873BAD09DB5}.Debug|Any CPU.Build.0 = Debug|Any CPU
		{C639F470-540E-4EE9-9528-D873BAD09DB5}.Release|Any CPU.ActiveCfg = Release|Any CPU
		{C639F470-540E-4EE9-9528-D873BAD09DB5}.Release|Any CPU.Build.0 = Release|Any CPU
		{BB6D2CDD-489C-4093-924F-8E391DDD37EF}.Debug|Any CPU.ActiveCfg = Debug|Any CPU
		{BB6D2CDD-489C-4093-924F-8E391DDD37EF}.Debug|Any CPU.Build.0 = Debug|Any CPU
		{BB6D2CDD-489C-4093-924F-8E391DDD37EF}.Release|Any CPU.ActiveCfg = Release|Any CPU
		{BB6D2CDD-489C-4093-924F-8E391DDD37EF}.Release|Any CPU.Build.0 = Release|Any CPU
		{81F2713D-1C05-49A2-BF89-2201FEB2D2A2}.Debug|Any CPU.ActiveCfg = Debug|Any CPU
		{81F2713D-1C05-49A2-BF89-2201FEB2D2A2}.Debug|Any CPU.Build.0 = Debug|Any CPU
		{81F2713D-1C05-49A2-BF89-2201FEB2D2A2}.Release|Any CPU.ActiveCfg = Release|Any CPU
		{81F2713D-1C05-49A2-BF89-2201FEB2D2A2}.Release|Any CPU.Build.0 = Release|Any CPU
		{EF2BE126-324B-406C-9578-9D42B3E12EB2}.Debug|Any CPU.ActiveCfg = Debug|Any CPU
		{EF2BE126-324B-406C-9578-9D42B3E12EB2}.Debug|Any CPU.Build.0 = Debug|Any CPU
		{EF2BE126-324B-406C-9578-9D42B3E12EB2}.Release|Any CPU.ActiveCfg = Release|Any CPU
		{EF2BE126-324B-406C-9578-9D42B3E12EB2}.Release|Any CPU.Build.0 = Release|Any CPU
		{7C22126E-7DC9-4C0C-A56F-ACC270027652}.Debug|Any CPU.ActiveCfg = Debug|Any CPU
		{7C22126E-7DC9-4C0C-A56F-ACC270027652}.Debug|Any CPU.Build.0 = Debug|Any CPU
		{7C22126E-7DC9-4C0C-A56F-ACC270027652}.Release|Any CPU.ActiveCfg = Release|Any CPU
		{7C22126E-7DC9-4C0C-A56F-ACC270027652}.Release|Any CPU.Build.0 = Release|Any CPU
		{119D0B21-A59E-440C-B494-44925FE423B8}.Debug|Any CPU.ActiveCfg = Debug|Any CPU
		{119D0B21-A59E-440C-B494-44925FE423B8}.Debug|Any CPU.Build.0 = Debug|Any CPU
		{119D0B21-A59E-440C-B494-44925FE423B8}.Release|Any CPU.ActiveCfg = Release|Any CPU
		{119D0B21-A59E-440C-B494-44925FE423B8}.Release|Any CPU.Build.0 = Release|Any CPU
	EndGlobalSection
	GlobalSection(SolutionProperties) = preSolution
		HideSolutionNode = FALSE
	EndGlobalSection
	GlobalSection(NestedProjects) = preSolution
		{AA8F3A2E-8AB6-4424-8F68-57347B1E04E6} = {4BBBCB02-C890-4E71-95D8-23E19225360F}
		{C639F470-540E-4EE9-9528-D873BAD09DB5} = {AA8F3A2E-8AB6-4424-8F68-57347B1E04E6}
		{DEC4AE11-ABBB-4D90-AC93-E57B8FEDD7C8} = {4BBBCB02-C890-4E71-95D8-23E19225360F}
		{81F2713D-1C05-49A2-BF89-2201FEB2D2A2} = {DEC4AE11-ABBB-4D90-AC93-E57B8FEDD7C8}
		{1A4336A0-121C-4176-B07F-219918CBBAE7} = {4BBBCB02-C890-4E71-95D8-23E19225360F}
		{EF2BE126-324B-406C-9578-9D42B3E12EB2} = {1A4336A0-121C-4176-B07F-219918CBBAE7}
		{7C22126E-7DC9-4C0C-A56F-ACC270027652} = {1A4336A0-121C-4176-B07F-219918CBBAE7}
		{D0B97A19-77E6-4661-A31F-1D752C4F76A5} = {4BBBCB02-C890-4E71-95D8-23E19225360F}
		{119D0B21-A59E-440C-B494-44925FE423B8} = {D0B97A19-77E6-4661-A31F-1D752C4F76A5}
	EndGlobalSection
	GlobalSection(ExtensibilityGlobals) = postSolution
		SolutionGuid = {12705C53-8802-4F5E-B0CA-6BAFCA3C3956}
	EndGlobalSection
EndGlobal
