
Microsoft Visual Studio Solution File, Format Version 12.00
# Visual Studio Version 16
VisualStudioVersion = 16.0.31515.178
MinimumVisualStudioVersion = 10.0.40219.1
Project("{2150E333-8FDC-42A3-9474-1A3956D46DE8}") = "Services", "Services", "{4BBBCB02-C890-4E71-95D8-23E19225360F}"
EndProject
Project("{2150E333-8FDC-42A3-9474-1A3956D46DE8}") = "Catalog", "Catalog", "{AA8F3A2E-8AB6-4424-8F68-57347B1E04E6}"
EndProject
Project("{9A19103F-16F7-4668-BE54-9A1E7A4F7556}") = "Catalog.API", "Services\Catalog\Catalog.API\Catalog.API.csproj", "{C639F470-540E-4EE9-9528-D873BAD09DB5}"
EndProject
Project("{E53339B2-1760-4266-BCC7-CA923CBCF16C}") = "docker-compose", "docker-compose.dcproj", "{BB6D2CDD-489C-4093-924F-8E391DDD37EF}"
EndProject
Global
	GlobalSection(SolutionConfigurationPlatforms) = preSolution
		Debug|Any CPU = Debug|Any CPU
		Release|Any CPU = Release|Any CPU
	EndGlobalSection
	GlobalSection(ProjectConfigurationPlatforms) = postSolution
		{C639F470-540E-4EE9-9528-D873BAD09DB5}.Debug|Any CPU.ActiveCfg = Debug|Any CPU
		{C639F470-540E-4EE9-9528-D873BAD09DB5}.Debug|Any CPU.Build.0 = Debug|Any CPU
		{C639F470-540E-4EE9-9528-D873BAD09DB5}.Release|Any CPU.ActiveCfg = Release|Any CPU
		{C639F470-540E-4EE9-9528-D873BAD09DB5}.Release|Any CPU.Build.0 = Release|Any CPU
		{BB6D2CDD-489C-4093-924F-8E391DDD37EF}.Debug|Any CPU.ActiveCfg = Debug|Any CPU
		{BB6D2CDD-489C-4093-924F-8E391DDD37EF}.Debug|Any CPU.Build.0 = Debug|Any CPU
		{BB6D2CDD-489C-4093-924F-8E391DDD37EF}.Release|Any CPU.ActiveCfg = Release|Any CPU
		{BB6D2CDD-489C-4093-924F-8E391DDD37EF}.Release|Any CPU.Build.0 = Release|Any CPU
	EndGlobalSection
	GlobalSection(SolutionProperties) = preSolution
		HideSolutionNode = FALSE
	EndGlobalSection
	GlobalSection(NestedProjects) = preSolution
		{AA8F3A2E-8AB6-4424-8F68-57347B1E04E6} = {4BBBCB02-C890-4E71-95D8-23E19225360F}
		{C639F470-540E-4EE9-9528-D873BAD09DB5} = {AA8F3A2E-8AB6-4424-8F68-57347B1E04E6}
	EndGlobalSection
	GlobalSection(ExtensibilityGlobals) = postSolution
		SolutionGuid = {12705C53-8802-4F5E-B0CA-6BAFCA3C3956}
	EndGlobalSection
EndGlobal
